// !$*UTF8*$!
{
	archiveVersion = 1;
	classes = {
	};
	objectVersion = 56;
	objects = {

/* Begin PBXBuildFile section */
		558005602A59382E00D16E19 /* AppDelegate.swift in Sources */ = {isa = PBXBuildFile; fileRef = 5580055F2A59382E00D16E19 /* AppDelegate.swift */; };
		558005622A59382E00D16E19 /* SceneDelegate.swift in Sources */ = {isa = PBXBuildFile; fileRef = 558005612A59382E00D16E19 /* SceneDelegate.swift */; };
		558005642A59382E00D16E19 /* ViewController.swift in Sources */ = {isa = PBXBuildFile; fileRef = 558005632A59382E00D16E19 /* ViewController.swift */; };
		558005672A59382E00D16E19 /* Main.storyboard in Resources */ = {isa = PBXBuildFile; fileRef = 558005652A59382E00D16E19 /* Main.storyboard */; };
		558005692A59383100D16E19 /* Assets.xcassets in Resources */ = {isa = PBXBuildFile; fileRef = 558005682A59383100D16E19 /* Assets.xcassets */; };
		5580056C2A59383100D16E19 /* LaunchScreen.storyboard in Resources */ = {isa = PBXBuildFile; fileRef = 5580056A2A59383100D16E19 /* LaunchScreen.storyboard */; };
		558005772A59383200D16E19 /* BMIMaTests.swift in Sources */ = {isa = PBXBuildFile; fileRef = 558005762A59383200D16E19 /* BMIMaTests.swift */; };
		558005812A59383200D16E19 /* BMIMaUITests.swift in Sources */ = {isa = PBXBuildFile; fileRef = 558005802A59383200D16E19 /* BMIMaUITests.swift */; };
		558005832A59383200D16E19 /* BMIMaUITestsLaunchTests.swift in Sources */ = {isa = PBXBuildFile; fileRef = 558005822A59383200D16E19 /* BMIMaUITestsLaunchTests.swift */; };
/* End PBXBuildFile section */

/* Begin PBXContainerItemProxy section */
		558005732A59383200D16E19 /* PBXContainerItemProxy */ = {
			isa = PBXContainerItemProxy;
			containerPortal = 558005542A59382E00D16E19 /* Project object */;
			proxyType = 1;
			remoteGlobalIDString = 5580055B2A59382E00D16E19;
			remoteInfo = BMIMa;
		};
		5580057D2A59383200D16E19 /* PBXContainerItemProxy */ = {
			isa = PBXContainerItemProxy;
			containerPortal = 558005542A59382E00D16E19 /* Project object */;
			proxyType = 1;
			remoteGlobalIDString = 5580055B2A59382E00D16E19;
			remoteInfo = BMIMa;
		};
/* End PBXContainerItemProxy section */

/* Begin PBXFileReference section */
		5580055C2A59382E00D16E19 /* BMIMa.app */ = {isa = PBXFileReference; explicitFileType = wrapper.application; includeInIndex = 0; path = BMIMa.app; sourceTree = BUILT_PRODUCTS_DIR; };
		5580055F2A59382E00D16E19 /* AppDelegate.swift */ = {isa = PBXFileReference; lastKnownFileType = sourcecode.swift; path = AppDelegate.swift; sourceTree = "<group>"; };
		558005612A59382E00D16E19 /* SceneDelegate.swift */ = {isa = PBXFileReference; lastKnownFileType = sourcecode.swift; path = SceneDelegate.swift; sourceTree = "<group>"; };
		558005632A59382E00D16E19 /* ViewController.swift */ = {isa = PBXFileReference; lastKnownFileType = sourcecode.swift; path = ViewController.swift; sourceTree = "<group>"; };
		558005662A59382E00D16E19 /* Base */ = {isa = PBXFileReference; lastKnownFileType = file.storyboard; name = Base; path = Base.lproj/Main.storyboard; sourceTree = "<group>"; };
		558005682A59383100D16E19 /* Assets.xcassets */ = {isa = PBXFileReference; lastKnownFileType = folder.assetcatalog; path = Assets.xcassets; sourceTree = "<group>"; };
		5580056B2A59383100D16E19 /* Base */ = {isa = PBXFileReference; lastKnownFileType = file.storyboard; name = Base; path = Base.lproj/LaunchScreen.storyboard; sourceTree = "<group>"; };
		5580056D2A59383100D16E19 /* Info.plist */ = {isa = PBXFileReference; lastKnownFileType = text.plist.xml; path = Info.plist; sourceTree = "<group>"; };
		558005722A59383200D16E19 /* BMIMaTests.xctest */ = {isa = PBXFileReference; explicitFileType = wrapper.cfbundle; includeInIndex = 0; path = BMIMaTests.xctest; sourceTree = BUILT_PRODUCTS_DIR; };
		558005762A59383200D16E19 /* BMIMaTests.swift */ = {isa = PBXFileReference; lastKnownFileType = sourcecode.swift; path = BMIMaTests.swift; sourceTree = "<group>"; };
		5580057C2A59383200D16E19 /* BMIMaUITests.xctest */ = {isa = PBXFileReference; explicitFileType = wrapper.cfbundle; includeInIndex = 0; path = BMIMaUITests.xctest; sourceTree = BUILT_PRODUCTS_DIR; };
		558005802A59383200D16E19 /* BMIMaUITests.swift */ = {isa = PBXFileReference; lastKnownFileType = sourcecode.swift; path = BMIMaUITests.swift; sourceTree = "<group>"; };
		558005822A59383200D16E19 /* BMIMaUITestsLaunchTests.swift */ = {isa = PBXFileReference; lastKnownFileType = sourcecode.swift; path = BMIMaUITestsLaunchTests.swift; sourceTree = "<group>"; };
/* End PBXFileReference section */

/* Begin PBXFrameworksBuildPhase section */
		558005592A59382E00D16E19 /* Frameworks */ = {
			isa = PBXFrameworksBuildPhase;
			buildActionMask = 2147483647;
			files = (
			);
			runOnlyForDeploymentPostprocessing = 0;
		};
		5580056F2A59383200D16E19 /* Frameworks */ = {
			isa = PBXFrameworksBuildPhase;
			buildActionMask = 2147483647;
			files = (
			);
			runOnlyForDeploymentPostprocessing = 0;
		};
		558005792A59383200D16E19 /* Frameworks */ = {
			isa = PBXFrameworksBuildPhase;
			buildActionMask = 2147483647;
			files = (
			);
			runOnlyForDeploymentPostprocessing = 0;
		};
/* End PBXFrameworksBuildPhase section */

/* Begin PBXGroup section */
		558005532A59382E00D16E19 = {
			isa = PBXGroup;
			children = (
				5580055E2A59382E00D16E19 /* BMIMa */,
				558005752A59383200D16E19 /* BMIMaTests */,
				5580057F2A59383200D16E19 /* BMIMaUITests */,
				5580055D2A59382E00D16E19 /* Products */,
			);
			sourceTree = "<group>";
		};
		5580055D2A59382E00D16E19 /* Products */ = {
			isa = PBXGroup;
			children = (
				5580055C2A59382E00D16E19 /* BMIMa.app */,
				558005722A59383200D16E19 /* BMIMaTests.xctest */,
				5580057C2A59383200D16E19 /* BMIMaUITests.xctest */,
			);
			name = Products;
			sourceTree = "<group>";
		};
		5580055E2A59382E00D16E19 /* BMIMa */ = {
			isa = PBXGroup;
			children = (
				5580055F2A59382E00D16E19 /* AppDelegate.swift */,
				558005612A59382E00D16E19 /* SceneDelegate.swift */,
				558005632A59382E00D16E19 /* ViewController.swift */,
				558005652A59382E00D16E19 /* Main.storyboard */,
				558005682A59383100D16E19 /* Assets.xcassets */,
				5580056A2A59383100D16E19 /* LaunchScreen.storyboard */,
				5580056D2A59383100D16E19 /* Info.plist */,
			);
			path = BMIMa;
			sourceTree = "<group>";
		};
		558005752A59383200D16E19 /* BMIMaTests */ = {
			isa = PBXGroup;
			children = (
				558005762A59383200D16E19 /* BMIMaTests.swift */,
			);
			path = BMIMaTests;
			sourceTree = "<group>";
		};
		5580057F2A59383200D16E19 /* BMIMaUITests */ = {
			isa = PBXGroup;
			children = (
				558005802A59383200D16E19 /* BMIMaUITests.swift */,
				558005822A59383200D16E19 /* BMIMaUITestsLaunchTests.swift */,
			);
			path = BMIMaUITests;
			sourceTree = "<group>";
		};
/* End PBXGroup section */

/* Begin PBXNativeTarget section */
		5580055B2A59382E00D16E19 /* BMIMa */ = {
			isa = PBXNativeTarget;
			buildConfigurationList = 558005862A59383200D16E19 /* Build configuration list for PBXNativeTarget "BMIMa" */;
			buildPhases = (
				558005582A59382E00D16E19 /* Sources */,
				558005592A59382E00D16E19 /* Frameworks */,
				5580055A2A59382E00D16E19 /* Resources */,
			);
			buildRules = (
			);
			dependencies = (
			);
			name = BMIMa;
			productName = BMIMa;
			productReference = 5580055C2A59382E00D16E19 /* BMIMa.app */;
			productType = "com.apple.product-type.application";
		};
		558005712A59383200D16E19 /* BMIMaTests */ = {
			isa = PBXNativeTarget;
			buildConfigurationList = 558005892A59383200D16E19 /* Build configuration list for PBXNativeTarget "BMIMaTests" */;
			buildPhases = (
				5580056E2A59383200D16E19 /* Sources */,
				5580056F2A59383200D16E19 /* Frameworks */,
				558005702A59383200D16E19 /* Resources */,
			);
			buildRules = (
			);
			dependencies = (
				558005742A59383200D16E19 /* PBXTargetDependency */,
			);
			name = BMIMaTests;
			productName = BMIMaTests;
			productReference = 558005722A59383200D16E19 /* BMIMaTests.xctest */;
			productType = "com.apple.product-type.bundle.unit-test";
		};
		5580057B2A59383200D16E19 /* BMIMaUITests */ = {
			isa = PBXNativeTarget;
			buildConfigurationList = 5580058C2A59383200D16E19 /* Build configuration list for PBXNativeTarget "BMIMaUITests" */;
			buildPhases = (
				558005782A59383200D16E19 /* Sources */,
				558005792A59383200D16E19 /* Frameworks */,
				5580057A2A59383200D16E19 /* Resources */,
			);
			buildRules = (
			);
			dependencies = (
				5580057E2A59383200D16E19 /* PBXTargetDependency */,
			);
			name = BMIMaUITests;
			productName = BMIMaUITests;
			productReference = 5580057C2A59383200D16E19 /* BMIMaUITests.xctest */;
			productType = "com.apple.product-type.bundle.ui-testing";
		};
/* End PBXNativeTarget section */

/* Begin PBXProject section */
		558005542A59382E00D16E19 /* Project object */ = {
			isa = PBXProject;
			attributes = {
				BuildIndependentTargetsInParallel = 1;
				LastSwiftUpdateCheck = 1430;
				LastUpgradeCheck = 1430;
				TargetAttributes = {
					5580055B2A59382E00D16E19 = {
						CreatedOnToolsVersion = 14.3.1;
					};
					558005712A59383200D16E19 = {
						CreatedOnToolsVersion = 14.3.1;
						TestTargetID = 5580055B2A59382E00D16E19;
					};
					5580057B2A59383200D16E19 = {
						CreatedOnToolsVersion = 14.3.1;
						TestTargetID = 5580055B2A59382E00D16E19;
					};
				};
			};
			buildConfigurationList = 558005572A59382E00D16E19 /* Build configuration list for PBXProject "BMIMa" */;
			compatibilityVersion = "Xcode 14.0";
			developmentRegion = en;
			hasScannedForEncodings = 0;
			knownRegions = (
				en,
				Base,
			);
			mainGroup = 558005532A59382E00D16E19;
			productRefGroup = 5580055D2A59382E00D16E19 /* Products */;
			projectDirPath = "";
			projectRoot = "";
			targets = (
				5580055B2A59382E00D16E19 /* BMIMa */,
				558005712A59383200D16E19 /* BMIMaTests */,
				5580057B2A59383200D16E19 /* BMIMaUITests */,
			);
		};
/* End PBXProject section */

/* Begin PBXResourcesBuildPhase section */
		5580055A2A59382E00D16E19 /* Resources */ = {
			isa = PBXResourcesBuildPhase;
			buildActionMask = 2147483647;
			files = (
				5580056C2A59383100D16E19 /* LaunchScreen.storyboard in Resources */,
				558005692A59383100D16E19 /* Assets.xcassets in Resources */,
				558005672A59382E00D16E19 /* Main.storyboard in Resources */,
			);
			runOnlyForDeploymentPostprocessing = 0;
		};
		558005702A59383200D16E19 /* Resources */ = {
			isa = PBXResourcesBuildPhase;
			buildActionMask = 2147483647;
			files = (
			);
			runOnlyForDeploymentPostprocessing = 0;
		};
		5580057A2A59383200D16E19 /* Resources */ = {
			isa = PBXResourcesBuildPhase;
			buildActionMask = 2147483647;
			files = (
			);
			runOnlyForDeploymentPostprocessing = 0;
		};
/* End PBXResourcesBuildPhase section */

/* Begin PBXSourcesBuildPhase section */
		558005582A59382E00D16E19 /* Sources */ = {
			isa = PBXSourcesBuildPhase;
			buildActionMask = 2147483647;
			files = (
				558005642A59382E00D16E19 /* ViewController.swift in Sources */,
				558005602A59382E00D16E19 /* AppDelegate.swift in Sources */,
				558005622A59382E00D16E19 /* SceneDelegate.swift in Sources */,
			);
			runOnlyForDeploymentPostprocessing = 0;
		};
		5580056E2A59383200D16E19 /* Sources */ = {
			isa = PBXSourcesBuildPhase;
			buildActionMask = 2147483647;
			files = (
				558005772A59383200D16E19 /* BMIMaTests.swift in Sources */,
			);
			runOnlyForDeploymentPostprocessing = 0;
		};
		558005782A59383200D16E19 /* Sources */ = {
			isa = PBXSourcesBuildPhase;
			buildActionMask = 2147483647;
			files = (
				558005812A59383200D16E19 /* BMIMaUITests.swift in Sources */,
				558005832A59383200D16E19 /* BMIMaUITestsLaunchTests.swift in Sources */,
			);
			runOnlyForDeploymentPostprocessing = 0;
		};
/* End PBXSourcesBuildPhase section */

/* Begin PBXTargetDependency section */
		558005742A59383200D16E19 /* PBXTargetDependency */ = {
			isa = PBXTargetDependency;
			target = 5580055B2A59382E00D16E19 /* BMIMa */;
			targetProxy = 558005732A59383200D16E19 /* PBXContainerItemProxy */;
		};
		5580057E2A59383200D16E19 /* PBXTargetDependency */ = {
			isa = PBXTargetDependency;
			target = 5580055B2A59382E00D16E19 /* BMIMa */;
			targetProxy = 5580057D2A59383200D16E19 /* PBXContainerItemProxy */;
		};
/* End PBXTargetDependency section */

/* Begin PBXVariantGroup section */
		558005652A59382E00D16E19 /* Main.storyboard */ = {
			isa = PBXVariantGroup;
			children = (
				558005662A59382E00D16E19 /* Base */,
			);
			name = Main.storyboard;
			sourceTree = "<group>";
		};
		5580056A2A59383100D16E19 /* LaunchScreen.storyboard */ = {
			isa = PBXVariantGroup;
			children = (
				5580056B2A59383100D16E19 /* Base */,
			);
			name = LaunchScreen.storyboard;
			sourceTree = "<group>";
		};
/* End PBXVariantGroup section */

/* Begin XCBuildConfiguration section */
		558005842A59383200D16E19 /* Debug */ = {
			isa = XCBuildConfiguration;
			buildSettings = {
				ALWAYS_SEARCH_USER_PATHS = NO;
				CLANG_ANALYZER_NONNULL = YES;
				CLANG_ANALYZER_NUMBER_OBJECT_CONVERSION = YES_AGGRESSIVE;
				CLANG_CXX_LANGUAGE_STANDARD = "gnu++20";
				CLANG_ENABLE_MODULES = YES;
				CLANG_ENABLE_OBJC_ARC = YES;
				CLANG_ENABLE_OBJC_WEAK = YES;
				CLANG_WARN_BLOCK_CAPTURE_AUTORELEASING = YES;
				CLANG_WARN_BOOL_CONVERSION = YES;
				CLANG_WARN_COMMA = YES;
				CLANG_WARN_CONSTANT_CONVERSION = YES;
				CLANG_WARN_DEPRECATED_OBJC_IMPLEMENTATIONS = YES;
				CLANG_WARN_DIRECT_OBJC_ISA_USAGE = YES_ERROR;
				CLANG_WARN_DOCUMENTATION_COMMENTS = YES;
				CLANG_WARN_EMPTY_BODY = YES;
				CLANG_WARN_ENUM_CONVERSION = YES;
				CLANG_WARN_INFINITE_RECURSION = YES;
				CLANG_WARN_INT_CONVERSION = YES;
				CLANG_WARN_NON_LITERAL_NULL_CONVERSION = YES;
				CLANG_WARN_OBJC_IMPLICIT_RETAIN_SELF = YES;
				CLANG_WARN_OBJC_LITERAL_CONVERSION = YES;
				CLANG_WARN_OBJC_ROOT_CLASS = YES_ERROR;
				CLANG_WARN_QUOTED_INCLUDE_IN_FRAMEWORK_HEADER = YES;
				CLANG_WARN_RANGE_LOOP_ANALYSIS = YES;
				CLANG_WARN_STRICT_PROTOTYPES = YES;
				CLANG_WARN_SUSPICIOUS_MOVE = YES;
				CLANG_WARN_UNGUARDED_AVAILABILITY = YES_AGGRESSIVE;
				CLANG_WARN_UNREACHABLE_CODE = YES;
				CLANG_WARN__DUPLICATE_METHOD_MATCH = YES;
				COPY_PHASE_STRIP = NO;
				DEBUG_INFORMATION_FORMAT = dwarf;
				ENABLE_STRICT_OBJC_MSGSEND = YES;
				ENABLE_TESTABILITY = YES;
				GCC_C_LANGUAGE_STANDARD = gnu11;
				GCC_DYNAMIC_NO_PIC = NO;
				GCC_NO_COMMON_BLOCKS = YES;
				GCC_OPTIMIZATION_LEVEL = 0;
				GCC_PREPROCESSOR_DEFINITIONS = (
					"DEBUG=1",
					"$(inherited)",
				);
				GCC_WARN_64_TO_32_BIT_CONVERSION = YES;
				GCC_WARN_ABOUT_RETURN_TYPE = YES_ERROR;
				GCC_WARN_UNDECLARED_SELECTOR = YES;
				GCC_WARN_UNINITIALIZED_AUTOS = YES_AGGRESSIVE;
				GCC_WARN_UNUSED_FUNCTION = YES;
				GCC_WARN_UNUSED_VARIABLE = YES;
				IPHONEOS_DEPLOYMENT_TARGET = 16.4;
				MTL_ENABLE_DEBUG_INFO = INCLUDE_SOURCE;
				MTL_FAST_MATH = YES;
				ONLY_ACTIVE_ARCH = YES;
				SDKROOT = iphoneos;
				SWIFT_ACTIVE_COMPILATION_CONDITIONS = DEBUG;
				SWIFT_OPTIMIZATION_LEVEL = "-Onone";
			};
			name = Debug;
		};
		558005852A59383200D16E19 /* Release */ = {
			isa = XCBuildConfiguration;
			buildSettings = {
				ALWAYS_SEARCH_USER_PATHS = NO;
				CLANG_ANALYZER_NONNULL = YES;
				CLANG_ANALYZER_NUMBER_OBJECT_CONVERSION = YES_AGGRESSIVE;
				CLANG_CXX_LANGUAGE_STANDARD = "gnu++20";
				CLANG_ENABLE_MODULES = YES;
				CLANG_ENABLE_OBJC_ARC = YES;
				CLANG_ENABLE_OBJC_WEAK = YES;
				CLANG_WARN_BLOCK_CAPTURE_AUTORELEASING = YES;
				CLANG_WARN_BOOL_CONVERSION = YES;
				CLANG_WARN_COMMA = YES;
				CLANG_WARN_CONSTANT_CONVERSION = YES;
				CLANG_WARN_DEPRECATED_OBJC_IMPLEMENTATIONS = YES;
				CLANG_WARN_DIRECT_OBJC_ISA_USAGE = YES_ERROR;
				CLANG_WARN_DOCUMENTATION_COMMENTS = YES;
				CLANG_WARN_EMPTY_BODY = YES;
				CLANG_WARN_ENUM_CONVERSION = YES;
				CLANG_WARN_INFINITE_RECURSION = YES;
				CLANG_WARN_INT_CONVERSION = YES;
				CLANG_WARN_NON_LITERAL_NULL_CONVERSION = YES;
				CLANG_WARN_OBJC_IMPLICIT_RETAIN_SELF = YES;
				CLANG_WARN_OBJC_LITERAL_CONVERSION = YES;
				CLANG_WARN_OBJC_ROOT_CLASS = YES_ERROR;
				CLANG_WARN_QUOTED_INCLUDE_IN_FRAMEWORK_HEADER = YES;
				CLANG_WARN_RANGE_LOOP_ANALYSIS = YES;
				CLANG_WARN_STRICT_PROTOTYPES = YES;
				CLANG_WARN_SUSPICIOUS_MOVE = YES;
				CLANG_WARN_UNGUARDED_AVAILABILITY = YES_AGGRESSIVE;
				CLANG_WARN_UNREACHABLE_CODE = YES;
				CLANG_WARN__DUPLICATE_METHOD_MATCH = YES;
				COPY_PHASE_STRIP = NO;
				DEBUG_INFORMATION_FORMAT = "dwarf-with-dsym";
				ENABLE_NS_ASSERTIONS = NO;
				ENABLE_STRICT_OBJC_MSGSEND = YES;
				GCC_C_LANGUAGE_STANDARD = gnu11;
				GCC_NO_COMMON_BLOCKS = YES;
				GCC_WARN_64_TO_32_BIT_CONVERSION = YES;
				GCC_WARN_ABOUT_RETURN_TYPE = YES_ERROR;
				GCC_WARN_UNDECLARED_SELECTOR = YES;
				GCC_WARN_UNINITIALIZED_AUTOS = YES_AGGRESSIVE;
				GCC_WARN_UNUSED_FUNCTION = YES;
				GCC_WARN_UNUSED_VARIABLE = YES;
				IPHONEOS_DEPLOYMENT_TARGET = 16.4;
				MTL_ENABLE_DEBUG_INFO = NO;
				MTL_FAST_MATH = YES;
				SDKROOT = iphoneos;
				SWIFT_COMPILATION_MODE = wholemodule;
				SWIFT_OPTIMIZATION_LEVEL = "-O";
				VALIDATE_PRODUCT = YES;
			};
			name = Release;
		};
		558005872A59383200D16E19 /* Debug */ = {
			isa = XCBuildConfiguration;
			buildSettings = {
				ASSETCATALOG_COMPILER_APPICON_NAME = AppIcon;
				ASSETCATALOG_COMPILER_GLOBAL_ACCENT_COLOR_NAME = AccentColor;
				ASSETCATALOG_COMPILER_INCLUDE_ALL_APPICON_ASSETS = YES;
				CODE_SIGN_STYLE = Automatic;
				CURRENT_PROJECT_VERSION = 1;
				DEVELOPMENT_TEAM = L58QM5399L;
				GENERATE_INFOPLIST_FILE = YES;
				INFOPLIST_FILE = BMIMa/Info.plist;
				INFOPLIST_KEY_CFBundleDisplayName = Bankino;
				INFOPLIST_KEY_UIApplicationSupportsIndirectInputEvents = YES;
				INFOPLIST_KEY_UILaunchStoryboardName = LaunchScreen;
				INFOPLIST_KEY_UIMainStoryboardFile = Main;
				INFOPLIST_KEY_UISupportedInterfaceOrientations = UIInterfaceOrientationPortrait;
				INFOPLIST_KEY_UISupportedInterfaceOrientations_iPad = "UIInterfaceOrientationLandscapeLeft UIInterfaceOrientationLandscapeRight UIInterfaceOrientationPortrait UIInterfaceOrientationPortraitUpsideDown";
				IPHONEOS_DEPLOYMENT_TARGET = 12.0;
				LD_RUNPATH_SEARCH_PATHS = (
					"$(inherited)",
					"@executable_path/Frameworks",
				);
				MARKETING_VERSION = 5.7;
				PRODUCT_BUNDLE_IDENTIFIER = com.bankino5.prod;
				PRODUCT_NAME = "$(TARGET_NAME)";
				SUPPORTED_PLATFORMS = "iphoneos iphonesimulator";
				SUPPORTS_MACCATALYST = NO;
				SUPPORTS_MAC_DESIGNED_FOR_IPHONE_IPAD = NO;
				SWIFT_EMIT_LOC_STRINGS = YES;
				SWIFT_VERSION = 5.0;
				TARGETED_DEVICE_FAMILY = 1;
			};
			name = Debug;
		};
		558005882A59383200D16E19 /* Release */ = {
			isa = XCBuildConfiguration;
			buildSettings = {
				ASSETCATALOG_COMPILER_APPICON_NAME = AppIcon;
				ASSETCATALOG_COMPILER_GLOBAL_ACCENT_COLOR_NAME = AccentColor;
				ASSETCATALOG_COMPILER_INCLUDE_ALL_APPICON_ASSETS = YES;
				CODE_SIGN_STYLE = Automatic;
				CURRENT_PROJECT_VERSION = 1;
				DEVELOPMENT_TEAM = L58QM5399L;
				GENERATE_INFOPLIST_FILE = YES;
				INFOPLIST_FILE = BMIMa/Info.plist;
				INFOPLIST_KEY_CFBundleDisplayName = Bankino;
				INFOPLIST_KEY_UIApplicationSupportsIndirectInputEvents = YES;
				INFOPLIST_KEY_UILaunchStoryboardName = LaunchScreen;
				INFOPLIST_KEY_UIMainStoryboardFile = Main;
				INFOPLIST_KEY_UISupportedInterfaceOrientations = UIInterfaceOrientationPortrait;
				INFOPLIST_KEY_UISupportedInterfaceOrientations_iPad = "UIInterfaceOrientationLandscapeLeft UIInterfaceOrientationLandscapeRight UIInterfaceOrientationPortrait UIInterfaceOrientationPortraitUpsideDown";
				IPHONEOS_DEPLOYMENT_TARGET = 12.0;
				LD_RUNPATH_SEARCH_PATHS = (
					"$(inherited)",
					"@executable_path/Frameworks",
				);
				MARKETING_VERSION = 5.7;
				PRODUCT_BUNDLE_IDENTIFIER = com.bankino5.prod;
				PRODUCT_NAME = "$(TARGET_NAME)";
				SUPPORTED_PLATFORMS = "iphoneos iphonesimulator";
				SUPPORTS_MACCATALYST = NO;
				SUPPORTS_MAC_DESIGNED_FOR_IPHONE_IPAD = NO;
				SWIFT_EMIT_LOC_STRINGS = YES;
				SWIFT_VERSION = 5.0;
				TARGETED_DEVICE_FAMILY = 1;
			};
			name = Release;
		};
		5580058A2A59383200D16E19 /* Debug */ = {
			isa = XCBuildConfiguration;
			buildSettings = {
				ALWAYS_EMBED_SWIFT_STANDARD_LIBRARIES = YES;
				BUNDLE_LOADER = "$(TEST_HOST)";
				CODE_SIGN_STYLE = Automatic;
				CURRENT_PROJECT_VERSION = 1;
				DEVELOPMENT_TEAM = L58QM5399L;
				GENERATE_INFOPLIST_FILE = YES;
				IPHONEOS_DEPLOYMENT_TARGET = 16.4;
				MARKETING_VERSION = 1.0;
				PRODUCT_BUNDLE_IDENTIFIER = com.bankino5.prod.BMIMaTests;
				PRODUCT_NAME = "$(TARGET_NAME)";
				SWIFT_EMIT_LOC_STRINGS = NO;
				SWIFT_VERSION = 5.0;
				TARGETED_DEVICE_FAMILY = "1,2";
				TEST_HOST = "$(BUILT_PRODUCTS_DIR)/BMIMa.app/$(BUNDLE_EXECUTABLE_FOLDER_PATH)/BMIMa";
			};
			name = Debug;
		};
		5580058B2A59383200D16E19 /* Release */ = {
			isa = XCBuildConfiguration;
			buildSettings = {
				ALWAYS_EMBED_SWIFT_STANDARD_LIBRARIES = YES;
				BUNDLE_LOADER = "$(TEST_HOST)";
				CODE_SIGN_STYLE = Automatic;
				CURRENT_PROJECT_VERSION = 1;
				DEVELOPMENT_TEAM = L58QM5399L;
				GENERATE_INFOPLIST_FILE = YES;
				IPHONEOS_DEPLOYMENT_TARGET = 16.4;
				MARKETING_VERSION = 1.0;
				PRODUCT_BUNDLE_IDENTIFIER = com.bankino5.prod.BMIMaTests;
				PRODUCT_NAME = "$(TARGET_NAME)";
				SWIFT_EMIT_LOC_STRINGS = NO;
				SWIFT_VERSION = 5.0;
				TARGETED_DEVICE_FAMILY = "1,2";
				TEST_HOST = "$(BUILT_PRODUCTS_DIR)/BMIMa.app/$(BUNDLE_EXECUTABLE_FOLDER_PATH)/BMIMa";
			};
			name = Release;
		};
		5580058D2A59383200D16E19 /* Debug */ = {
			isa = XCBuildConfiguration;
			buildSettings = {
				ALWAYS_EMBED_SWIFT_STANDARD_LIBRARIES = YES;
				CODE_SIGN_STYLE = Automatic;
				CURRENT_PROJECT_VERSION = 1;
				DEVELOPMENT_TEAM = L58QM5399L;
				GENERATE_INFOPLIST_FILE = YES;
				MARKETING_VERSION = 1.0;
				PRODUCT_BUNDLE_IDENTIFIER = com.bankino5.prod.BMIMaUITests;
				PRODUCT_NAME = "$(TARGET_NAME)";
				SWIFT_EMIT_LOC_STRINGS = NO;
				SWIFT_VERSION = 5.0;
				TARGETED_DEVICE_FAMILY = "1,2";
				TEST_TARGET_NAME = BMIMa;
			};
			name = Debug;
		};
		5580058E2A59383200D16E19 /* Release */ = {
			isa = XCBuildConfiguration;
			buildSettings = {
				ALWAYS_EMBED_SWIFT_STANDARD_LIBRARIES = YES;
				CODE_SIGN_STYLE = Automatic;
				CURRENT_PROJECT_VERSION = 1;
				DEVELOPMENT_TEAM = L58QM5399L;
				GENERATE_INFOPLIST_FILE = YES;
				MARKETING_VERSION = 1.0;
				PRODUCT_BUNDLE_IDENTIFIER = com.bankino5.prod.BMIMaUITests;
				PRODUCT_NAME = "$(TARGET_NAME)";
				SWIFT_EMIT_LOC_STRINGS = NO;
				SWIFT_VERSION = 5.0;
				TARGETED_DEVICE_FAMILY = "1,2";
				TEST_TARGET_NAME = BMIMa;
			};
			name = Release;
		};
/* End XCBuildConfiguration section */

/* Begin XCConfigurationList section */
		558005572A59382E00D16E19 /* Build configuration list for PBXProject "BMIMa" */ = {
			isa = XCConfigurationList;
			buildConfigurations = (
				558005842A59383200D16E19 /* Debug */,
				558005852A59383200D16E19 /* Release */,
			);
			defaultConfigurationIsVisible = 0;
			defaultConfigurationName = Release;
		};
		558005862A59383200D16E19 /* Build configuration list for PBXNativeTarget "BMIMa" */ = {
			isa = XCConfigurationList;
			buildConfigurations = (
				558005872A59383200D16E19 /* Debug */,
				558005882A59383200D16E19 /* Release */,
			);
			defaultConfigurationIsVisible = 0;
			defaultConfigurationName = Release;
		};
		558005892A59383200D16E19 /* Build configuration list for PBXNativeTarget "BMIMaTests" */ = {
			isa = XCConfigurationList;
			buildConfigurations = (
				5580058A2A59383200D16E19 /* Debug */,
				5580058B2A59383200D16E19 /* Release */,
			);
			defaultConfigurationIsVisible = 0;
			defaultConfigurationName = Release;
		};
		5580058C2A59383200D16E19 /* Build configuration list for PBXNativeTarget "BMIMaUITests" */ = {
			isa = XCConfigurationList;
			buildConfigurations = (
				5580058D2A59383200D16E19 /* Debug */,
				5580058E2A59383200D16E19 /* Release */,
			);
			defaultConfigurationIsVisible = 0;
			defaultConfigurationName = Release;
		};
/* End XCConfigurationList section */
	};
	rootObject = 558005542A59382E00D16E19 /* Project object */;
}
